// !$*UTF8*$!
{
	archiveVersion = 1;
	classes = {
	};
	objectVersion = 46;
	objects = {

/* Begin PBXBuildFile section */
		EF8834EB18AB4BF400E37AC8 /* Foundation.framework in Frameworks */ = {isa = PBXBuildFile; fileRef = EF8834EA18AB4BF400E37AC8 /* Foundation.framework */; };
		EF8834ED18AB4BF400E37AC8 /* CoreGraphics.framework in Frameworks */ = {isa = PBXBuildFile; fileRef = EF8834EC18AB4BF400E37AC8 /* CoreGraphics.framework */; };
		EF8834EF18AB4BF400E37AC8 /* UIKit.framework in Frameworks */ = {isa = PBXBuildFile; fileRef = EF8834EE18AB4BF400E37AC8 /* UIKit.framework */; };
		EF8834F518AB4BF400E37AC8 /* InfoPlist.strings in Resources */ = {isa = PBXBuildFile; fileRef = EF8834F318AB4BF400E37AC8 /* InfoPlist.strings */; };
		EF8834F718AB4BF400E37AC8 /* main.m in Sources */ = {isa = PBXBuildFile; fileRef = EF8834F618AB4BF400E37AC8 /* main.m */; };
		EF8834FB18AB4BF400E37AC8 /* STAppDelegate.m in Sources */ = {isa = PBXBuildFile; fileRef = EF8834FA18AB4BF400E37AC8 /* STAppDelegate.m */; };
		EF8834FE18AB4BF400E37AC8 /* Main.storyboard in Resources */ = {isa = PBXBuildFile; fileRef = EF8834FC18AB4BF400E37AC8 /* Main.storyboard */; };
		EF88350118AB4BF400E37AC8 /* STViewController.m in Sources */ = {isa = PBXBuildFile; fileRef = EF88350018AB4BF400E37AC8 /* STViewController.m */; };
		EF88350318AB4BF400E37AC8 /* Images.xcassets in Resources */ = {isa = PBXBuildFile; fileRef = EF88350218AB4BF400E37AC8 /* Images.xcassets */; };
		EF88350A18AB4BF400E37AC8 /* XCTest.framework in Frameworks */ = {isa = PBXBuildFile; fileRef = EF88350918AB4BF400E37AC8 /* XCTest.framework */; };
		EF88350B18AB4BF400E37AC8 /* Foundation.framework in Frameworks */ = {isa = PBXBuildFile; fileRef = EF8834EA18AB4BF400E37AC8 /* Foundation.framework */; };
		EF88350C18AB4BF400E37AC8 /* UIKit.framework in Frameworks */ = {isa = PBXBuildFile; fileRef = EF8834EE18AB4BF400E37AC8 /* UIKit.framework */; };
		EF88351418AB4BF400E37AC8 /* InfoPlist.strings in Resources */ = {isa = PBXBuildFile; fileRef = EF88351218AB4BF400E37AC8 /* InfoPlist.strings */; };
		EF88351618AB4BF400E37AC8 /* Star_TapTests.m in Sources */ = {isa = PBXBuildFile; fileRef = EF88351518AB4BF400E37AC8 /* Star_TapTests.m */; };
		EF88352118AB4E4200E37AC8 /* star.png in Resources */ = {isa = PBXBuildFile; fileRef = EF88351F18AB4E4200E37AC8 /* star.png */; };
		EF88352218AB4E4200E37AC8 /* star@2x.png in Resources */ = {isa = PBXBuildFile; fileRef = EF88352018AB4E4200E37AC8 /* star@2x.png */; };
/* End PBXBuildFile section */

/* Begin PBXContainerItemProxy section */
		EF88350D18AB4BF400E37AC8 /* PBXContainerItemProxy */ = {
			isa = PBXContainerItemProxy;
			containerPortal = EF8834DF18AB4BF400E37AC8 /* Project object */;
			proxyType = 1;
			remoteGlobalIDString = EF8834E618AB4BF400E37AC8;
			remoteInfo = "Star Tap";
		};
/* End PBXContainerItemProxy section */

/* Begin PBXFileReference section */
		EF8834E718AB4BF400E37AC8 /* Star Tap.app */ = {isa = PBXFileReference; explicitFileType = wrapper.application; includeInIndex = 0; path = "Star Tap.app"; sourceTree = BUILT_PRODUCTS_DIR; };
		EF8834EA18AB4BF400E37AC8 /* Foundation.framework */ = {isa = PBXFileReference; lastKnownFileType = wrapper.framework; name = Foundation.framework; path = System/Library/Frameworks/Foundation.framework; sourceTree = SDKROOT; };
		EF8834EC18AB4BF400E37AC8 /* CoreGraphics.framework */ = {isa = PBXFileReference; lastKnownFileType = wrapper.framework; name = CoreGraphics.framework; path = System/Library/Frameworks/CoreGraphics.framework; sourceTree = SDKROOT; };
		EF8834EE18AB4BF400E37AC8 /* UIKit.framework */ = {isa = PBXFileReference; lastKnownFileType = wrapper.framework; name = UIKit.framework; path = System/Library/Frameworks/UIKit.framework; sourceTree = SDKROOT; };
		EF8834F218AB4BF400E37AC8 /* Star Tap-Info.plist */ = {isa = PBXFileReference; lastKnownFileType = text.plist.xml; path = "Star Tap-Info.plist"; sourceTree = "<group>"; };
		EF8834F418AB4BF400E37AC8 /* en */ = {isa = PBXFileReference; lastKnownFileType = text.plist.strings; name = en; path = en.lproj/InfoPlist.strings; sourceTree = "<group>"; };
		EF8834F618AB4BF400E37AC8 /* main.m */ = {isa = PBXFileReference; lastKnownFileType = sourcecode.c.objc; path = main.m; sourceTree = "<group>"; };
		EF8834F818AB4BF400E37AC8 /* Star Tap-Prefix.pch */ = {isa = PBXFileReference; lastKnownFileType = sourcecode.c.h; path = "Star Tap-Prefix.pch"; sourceTree = "<group>"; };
		EF8834F918AB4BF400E37AC8 /* STAppDelegate.h */ = {isa = PBXFileReference; lastKnownFileType = sourcecode.c.h; path = STAppDelegate.h; sourceTree = "<group>"; };
		EF8834FA18AB4BF400E37AC8 /* STAppDelegate.m */ = {isa = PBXFileReference; lastKnownFileType = sourcecode.c.objc; path = STAppDelegate.m; sourceTree = "<group>"; };
		EF8834FD18AB4BF400E37AC8 /* Base */ = {isa = PBXFileReference; lastKnownFileType = file.storyboard; name = Base; path = Base.lproj/Main.storyboard; sourceTree = "<group>"; };
		EF8834FF18AB4BF400E37AC8 /* STViewController.h */ = {isa = PBXFileReference; lastKnownFileType = sourcecode.c.h; path = STViewController.h; sourceTree = "<group>"; };
		EF88350018AB4BF400E37AC8 /* STViewController.m */ = {isa = PBXFileReference; lastKnownFileType = sourcecode.c.objc; path = STViewController.m; sourceTree = "<group>"; };
		EF88350218AB4BF400E37AC8 /* Images.xcassets */ = {isa = PBXFileReference; lastKnownFileType = folder.assetcatalog; path = Images.xcassets; sourceTree = "<group>"; };
		EF88350818AB4BF400E37AC8 /* Star TapTests.xctest */ = {isa = PBXFileReference; explicitFileType = wrapper.cfbundle; includeInIndex = 0; path = "Star TapTests.xctest"; sourceTree = BUILT_PRODUCTS_DIR; };
		EF88350918AB4BF400E37AC8 /* XCTest.framework */ = {isa = PBXFileReference; lastKnownFileType = wrapper.framework; name = XCTest.framework; path = Library/Frameworks/XCTest.framework; sourceTree = DEVELOPER_DIR; };
		EF88351118AB4BF400E37AC8 /* Star TapTests-Info.plist */ = {isa = PBXFileReference; lastKnownFileType = text.plist.xml; path = "Star TapTests-Info.plist"; sourceTree = "<group>"; };
		EF88351318AB4BF400E37AC8 /* en */ = {isa = PBXFileReference; lastKnownFileType = text.plist.strings; name = en; path = en.lproj/InfoPlist.strings; sourceTree = "<group>"; };
		EF88351518AB4BF400E37AC8 /* Star_TapTests.m */ = {isa = PBXFileReference; lastKnownFileType = sourcecode.c.objc; path = Star_TapTests.m; sourceTree = "<group>"; };
		EF88351F18AB4E4200E37AC8 /* star.png */ = {isa = PBXFileReference; lastKnownFileType = image.png; path = star.png; sourceTree = "<group>"; };
		EF88352018AB4E4200E37AC8 /* star@2x.png */ = {isa = PBXFileReference; lastKnownFileType = image.png; path = "star@2x.png"; sourceTree = "<group>"; };
/* End PBXFileReference section */

/* Begin PBXFrameworksBuildPhase section */
		EF8834E418AB4BF400E37AC8 /* Frameworks */ = {
			isa = PBXFrameworksBuildPhase;
			buildActionMask = 2147483647;
			files = (
				EF8834ED18AB4BF400E37AC8 /* CoreGraphics.framework in Frameworks */,
				EF8834EF18AB4BF400E37AC8 /* UIKit.framework in Frameworks */,
				EF8834EB18AB4BF400E37AC8 /* Foundation.framework in Frameworks */,
			);
			runOnlyForDeploymentPostprocessing = 0;
		};
		EF88350518AB4BF400E37AC8 /* Frameworks */ = {
			isa = PBXFrameworksBuildPhase;
			buildActionMask = 2147483647;
			files = (
				EF88350A18AB4BF400E37AC8 /* XCTest.framework in Frameworks */,
				EF88350C18AB4BF400E37AC8 /* UIKit.framework in Frameworks */,
				EF88350B18AB4BF400E37AC8 /* Foundation.framework in Frameworks */,
			);
			runOnlyForDeploymentPostprocessing = 0;
		};
/* End PBXFrameworksBuildPhase section */

/* Begin PBXGroup section */
		EF8834DE18AB4BF400E37AC8 = {
			isa = PBXGroup;
			children = (
				EF8834F018AB4BF400E37AC8 /* Star Tap */,
				EF88350F18AB4BF400E37AC8 /* Star TapTests */,
				EF8834E918AB4BF400E37AC8 /* Frameworks */,
				EF8834E818AB4BF400E37AC8 /* Products */,
			);
			sourceTree = "<group>";
		};
		EF8834E818AB4BF400E37AC8 /* Products */ = {
			isa = PBXGroup;
			children = (
				EF8834E718AB4BF400E37AC8 /* Star Tap.app */,
				EF88350818AB4BF400E37AC8 /* Star TapTests.xctest */,
			);
			name = Products;
			sourceTree = "<group>";
		};
		EF8834E918AB4BF400E37AC8 /* Frameworks */ = {
			isa = PBXGroup;
			children = (
				EF8834EA18AB4BF400E37AC8 /* Foundation.framework */,
				EF8834EC18AB4BF400E37AC8 /* CoreGraphics.framework */,
				EF8834EE18AB4BF400E37AC8 /* UIKit.framework */,
				EF88350918AB4BF400E37AC8 /* XCTest.framework */,
			);
			name = Frameworks;
			sourceTree = "<group>";
		};
		EF8834F018AB4BF400E37AC8 /* Star Tap */ = {
			isa = PBXGroup;
			children = (
				EF88351F18AB4E4200E37AC8 /* star.png */,
				EF88352018AB4E4200E37AC8 /* star@2x.png */,
				EF8834F918AB4BF400E37AC8 /* STAppDelegate.h */,
				EF8834FA18AB4BF400E37AC8 /* STAppDelegate.m */,
				EF8834FC18AB4BF400E37AC8 /* Main.storyboard */,
				EF8834FF18AB4BF400E37AC8 /* STViewController.h */,
				EF88350018AB4BF400E37AC8 /* STViewController.m */,
				EF88350218AB4BF400E37AC8 /* Images.xcassets */,
				EF8834F118AB4BF400E37AC8 /* Supporting Files */,
			);
			path = "Star Tap";
			sourceTree = "<group>";
		};
		EF8834F118AB4BF400E37AC8 /* Supporting Files */ = {
			isa = PBXGroup;
			children = (
				EF8834F218AB4BF400E37AC8 /* Star Tap-Info.plist */,
				EF8834F318AB4BF400E37AC8 /* InfoPlist.strings */,
				EF8834F618AB4BF400E37AC8 /* main.m */,
				EF8834F818AB4BF400E37AC8 /* Star Tap-Prefix.pch */,
			);
			name = "Supporting Files";
			sourceTree = "<group>";
		};
		EF88350F18AB4BF400E37AC8 /* Star TapTests */ = {
			isa = PBXGroup;
			children = (
				EF88351518AB4BF400E37AC8 /* Star_TapTests.m */,
				EF88351018AB4BF400E37AC8 /* Supporting Files */,
			);
			path = "Star TapTests";
			sourceTree = "<group>";
		};
		EF88351018AB4BF400E37AC8 /* Supporting Files */ = {
			isa = PBXGroup;
			children = (
				EF88351118AB4BF400E37AC8 /* Star TapTests-Info.plist */,
				EF88351218AB4BF400E37AC8 /* InfoPlist.strings */,
			);
			name = "Supporting Files";
			sourceTree = "<group>";
		};
/* End PBXGroup section */

/* Begin PBXNativeTarget section */
		EF8834E618AB4BF400E37AC8 /* Star Tap */ = {
			isa = PBXNativeTarget;
			buildConfigurationList = EF88351918AB4BF400E37AC8 /* Build configuration list for PBXNativeTarget "Star Tap" */;
			buildPhases = (
				EF8834E318AB4BF400E37AC8 /* Sources */,
				EF8834E418AB4BF400E37AC8 /* Frameworks */,
				EF8834E518AB4BF400E37AC8 /* Resources */,
			);
			buildRules = (
			);
			dependencies = (
			);
			name = "Star Tap";
			productName = "Star Tap";
			productReference = EF8834E718AB4BF400E37AC8 /* Star Tap.app */;
			productType = "com.apple.product-type.application";
		};
		EF88350718AB4BF400E37AC8 /* Star TapTests */ = {
			isa = PBXNativeTarget;
			buildConfigurationList = EF88351C18AB4BF400E37AC8 /* Build configuration list for PBXNativeTarget "Star TapTests" */;
			buildPhases = (
				EF88350418AB4BF400E37AC8 /* Sources */,
				EF88350518AB4BF400E37AC8 /* Frameworks */,
				EF88350618AB4BF400E37AC8 /* Resources */,
			);
			buildRules = (
			);
			dependencies = (
				EF88350E18AB4BF400E37AC8 /* PBXTargetDependency */,
			);
			name = "Star TapTests";
			productName = "Star TapTests";
			productReference = EF88350818AB4BF400E37AC8 /* Star TapTests.xctest */;
			productType = "com.apple.product-type.bundle.unit-test";
		};
/* End PBXNativeTarget section */

/* Begin PBXProject section */
		EF8834DF18AB4BF400E37AC8 /* Project object */ = {
			isa = PBXProject;
			attributes = {
				CLASSPREFIX = ST;
				LastUpgradeCheck = 0500;
				ORGANIZATIONNAME = "Taylor Potter";
				TargetAttributes = {
					EF88350718AB4BF400E37AC8 = {
						TestTargetID = EF8834E618AB4BF400E37AC8;
					};
				};
			};
			buildConfigurationList = EF8834E218AB4BF400E37AC8 /* Build configuration list for PBXProject "Star Tap" */;
			compatibilityVersion = "Xcode 3.2";
			developmentRegion = English;
			hasScannedForEncodings = 0;
			knownRegions = (
				en,
				Base,
			);
			mainGroup = EF8834DE18AB4BF400E37AC8;
			productRefGroup = EF8834E818AB4BF400E37AC8 /* Products */;
			projectDirPath = "";
			projectRoot = "";
			targets = (
				EF8834E618AB4BF400E37AC8 /* Star Tap */,
				EF88350718AB4BF400E37AC8 /* Star TapTests */,
			);
		};
/* End PBXProject section */

/* Begin PBXResourcesBuildPhase section */
		EF8834E518AB4BF400E37AC8 /* Resources */ = {
			isa = PBXResourcesBuildPhase;
			buildActionMask = 2147483647;
			files = (
				EF88350318AB4BF400E37AC8 /* Images.xcassets in Resources */,
				EF88352218AB4E4200E37AC8 /* star@2x.png in Resources */,
				EF88352118AB4E4200E37AC8 /* star.png in Resources */,
				EF8834F518AB4BF400E37AC8 /* InfoPlist.strings in Resources */,
				EF8834FE18AB4BF400E37AC8 /* Main.storyboard in Resources */,
			);
			runOnlyForDeploymentPostprocessing = 0;
		};
		EF88350618AB4BF400E37AC8 /* Resources */ = {
			isa = PBXResourcesBuildPhase;
			buildActionMask = 2147483647;
			files = (
				EF88351418AB4BF400E37AC8 /* InfoPlist.strings in Resources */,
			);
			runOnlyForDeploymentPostprocessing = 0;
		};
/* End PBXResourcesBuildPhase section */

/* Begin PBXSourcesBuildPhase section */
		EF8834E318AB4BF400E37AC8 /* Sources */ = {
			isa = PBXSourcesBuildPhase;
			buildActionMask = 2147483647;
			files = (
				EF88350118AB4BF400E37AC8 /* STViewController.m in Sources */,
				EF8834F718AB4BF400E37AC8 /* main.m in Sources */,
				EF8834FB18AB4BF400E37AC8 /* STAppDelegate.m in Sources */,
			);
			runOnlyForDeploymentPostprocessing = 0;
		};
		EF88350418AB4BF400E37AC8 /* Sources */ = {
			isa = PBXSourcesBuildPhase;
			buildActionMask = 2147483647;
			files = (
				EF88351618AB4BF400E37AC8 /* Star_TapTests.m in Sources */,
			);
			runOnlyForDeploymentPostprocessing = 0;
		};
/* End PBXSourcesBuildPhase section */

/* Begin PBXTargetDependency section */
		EF88350E18AB4BF400E37AC8 /* PBXTargetDependency */ = {
			isa = PBXTargetDependency;
			target = EF8834E618AB4BF400E37AC8 /* Star Tap */;
			targetProxy = EF88350D18AB4BF400E37AC8 /* PBXContainerItemProxy */;
		};
/* End PBXTargetDependency section */

/* Begin PBXVariantGroup section */
		EF8834F318AB4BF400E37AC8 /* InfoPlist.strings */ = {
			isa = PBXVariantGroup;
			children = (
				EF8834F418AB4BF400E37AC8 /* en */,
			);
			name = InfoPlist.strings;
			sourceTree = "<group>";
		};
		EF8834FC18AB4BF400E37AC8 /* Main.storyboard */ = {
			isa = PBXVariantGroup;
			children = (
				EF8834FD18AB4BF400E37AC8 /* Base */,
			);
			name = Main.storyboard;
			sourceTree = "<group>";
		};
		EF88351218AB4BF400E37AC8 /* InfoPlist.strings */ = {
			isa = PBXVariantGroup;
			children = (
				EF88351318AB4BF400E37AC8 /* en */,
			);
			name = InfoPlist.strings;
			sourceTree = "<group>";
		};
/* End PBXVariantGroup section */

/* Begin XCBuildConfiguration section */
		EF88351718AB4BF400E37AC8 /* Debug */ = {
			isa = XCBuildConfiguration;
			buildSettings = {
				ALWAYS_SEARCH_USER_PATHS = NO;
				ARCHS = "$(ARCHS_STANDARD_INCLUDING_64_BIT)";
				CLANG_CXX_LANGUAGE_STANDARD = "gnu++0x";
				CLANG_CXX_LIBRARY = "libc++";
				CLANG_ENABLE_MODULES = YES;
				CLANG_ENABLE_OBJC_ARC = YES;
				CLANG_WARN_BOOL_CONVERSION = YES;
				CLANG_WARN_CONSTANT_CONVERSION = YES;
				CLANG_WARN_DIRECT_OBJC_ISA_USAGE = YES_ERROR;
				CLANG_WARN_EMPTY_BODY = YES;
				CLANG_WARN_ENUM_CONVERSION = YES;
				CLANG_WARN_INT_CONVERSION = YES;
				CLANG_WARN_OBJC_ROOT_CLASS = YES_ERROR;
				CLANG_WARN__DUPLICATE_METHOD_MATCH = YES;
				"CODE_SIGN_IDENTITY[sdk=iphoneos*]" = "iPhone Developer";
				COPY_PHASE_STRIP = NO;
				GCC_C_LANGUAGE_STANDARD = gnu99;
				GCC_DYNAMIC_NO_PIC = NO;
				GCC_OPTIMIZATION_LEVEL = 0;
				GCC_PREPROCESSOR_DEFINITIONS = (
					"DEBUG=1",
					"$(inherited)",
				);
				GCC_SYMBOLS_PRIVATE_EXTERN = NO;
				GCC_WARN_64_TO_32_BIT_CONVERSION = YES;
				GCC_WARN_ABOUT_RETURN_TYPE = YES_ERROR;
				GCC_WARN_UNDECLARED_SELECTOR = YES;
				GCC_WARN_UNINITIALIZED_AUTOS = YES;
				GCC_WARN_UNUSED_FUNCTION = YES;
				GCC_WARN_UNUSED_VARIABLE = YES;
				IPHONEOS_DEPLOYMENT_TARGET = 7.0;
				ONLY_ACTIVE_ARCH = YES;
				SDKROOT = iphoneos;
			};
			name = Debug;
		};
		EF88351818AB4BF400E37AC8 /* Release */ = {
			isa = XCBuildConfiguration;
			buildSettings = {
				ALWAYS_SEARCH_USER_PATHS = NO;
				ARCHS = "$(ARCHS_STANDARD_INCLUDING_64_BIT)";
				CLANG_CXX_LANGUAGE_STANDARD = "gnu++0x";
				CLANG_CXX_LIBRARY = "libc++";
				CLANG_ENABLE_MODULES = YES;
				CLANG_ENABLE_OBJC_ARC = YES;
				CLANG_WARN_BOOL_CONVERSION = YES;
				CLANG_WARN_CONSTANT_CONVERSION = YES;
				CLANG_WARN_DIRECT_OBJC_ISA_USAGE = YES_ERROR;
				CLANG_WARN_EMPTY_BODY = YES;
				CLANG_WARN_ENUM_CONVERSION = YES;
				CLANG_WARN_INT_CONVERSION = YES;
				CLANG_WARN_OBJC_ROOT_CLASS = YES_ERROR;
				CLANG_WARN__DUPLICATE_METHOD_MATCH = YES;
				"CODE_SIGN_IDENTITY[sdk=iphoneos*]" = "iPhone Developer";
				COPY_PHASE_STRIP = YES;
				ENABLE_NS_ASSERTIONS = NO;
				GCC_C_LANGUAGE_STANDARD = gnu99;
				GCC_WARN_64_TO_32_BIT_CONVERSION = YES;
				GCC_WARN_ABOUT_RETURN_TYPE = YES_ERROR;
				GCC_WARN_UNDECLARED_SELECTOR = YES;
				GCC_WARN_UNINITIALIZED_AUTOS = YES;
				GCC_WARN_UNUSED_FUNCTION = YES;
				GCC_WARN_UNUSED_VARIABLE = YES;
				IPHONEOS_DEPLOYMENT_TARGET = 7.0;
				SDKROOT = iphoneos;
				VALIDATE_PRODUCT = YES;
			};
			name = Release;
		};
		EF88351A18AB4BF400E37AC8 /* Debug */ = {
			isa = XCBuildConfiguration;
			buildSettings = {
				ASSETCATALOG_COMPILER_APPICON_NAME = AppIcon;
				ASSETCATALOG_COMPILER_LAUNCHIMAGE_NAME = LaunchImage;
				GCC_PRECOMPILE_PREFIX_HEADER = YES;
				GCC_PREFIX_HEADER = "Star Tap/Star Tap-Prefix.pch";
				INFOPLIST_FILE = "Star Tap/Star Tap-Info.plist";
				PRODUCT_NAME = "$(TARGET_NAME)";
				WRAPPER_EXTENSION = app;
			};
			name = Debug;
		};
		EF88351B18AB4BF400E37AC8 /* Release */ = {
			isa = XCBuildConfiguration;
			buildSettings = {
				ASSETCATALOG_COMPILER_APPICON_NAME = AppIcon;
				ASSETCATALOG_COMPILER_LAUNCHIMAGE_NAME = LaunchImage;
				GCC_PRECOMPILE_PREFIX_HEADER = YES;
				GCC_PREFIX_HEADER = "Star Tap/Star Tap-Prefix.pch";
				INFOPLIST_FILE = "Star Tap/Star Tap-Info.plist";
				PRODUCT_NAME = "$(TARGET_NAME)";
				WRAPPER_EXTENSION = app;
			};
			name = Release;
		};
		EF88351D18AB4BF400E37AC8 /* Debug */ = {
			isa = XCBuildConfiguration;
			buildSettings = {
				ARCHS = "$(ARCHS_STANDARD_INCLUDING_64_BIT)";
				BUNDLE_LOADER = "$(BUILT_PRODUCTS_DIR)/Star Tap.app/Star Tap";
				FRAMEWORK_SEARCH_PATHS = (
					"$(SDKROOT)/Developer/Library/Frameworks",
					"$(inherited)",
					"$(DEVELOPER_FRAMEWORKS_DIR)",
				);
				GCC_PRECOMPILE_PREFIX_HEADER = YES;
				GCC_PREFIX_HEADER = "Star Tap/Star Tap-Prefix.pch";
				GCC_PREPROCESSOR_DEFINITIONS = (
					"DEBUG=1",
					"$(inherited)",
				);
				INFOPLIST_FILE = "Star TapTests/Star TapTests-Info.plist";
				PRODUCT_NAME = "$(TARGET_NAME)";
				TEST_HOST = "$(BUNDLE_LOADER)";
				WRAPPER_EXTENSION = xctest;
			};
			name = Debug;
		};
		EF88351E18AB4BF400E37AC8 /* Release */ = {
			isa = XCBuildConfiguration;
			buildSettings = {
				ARCHS = "$(ARCHS_STANDARD_INCLUDING_64_BIT)";
				BUNDLE_LOADER = "$(BUILT_PRODUCTS_DIR)/Star Tap.app/Star Tap";
				FRAMEWORK_SEARCH_PATHS = (
					"$(SDKROOT)/Developer/Library/Frameworks",
					"$(inherited)",
					"$(DEVELOPER_FRAMEWORKS_DIR)",
				);
				GCC_PRECOMPILE_PREFIX_HEADER = YES;
				GCC_PREFIX_HEADER = "Star Tap/Star Tap-Prefix.pch";
				INFOPLIST_FILE = "Star TapTests/Star TapTests-Info.plist";
				PRODUCT_NAME = "$(TARGET_NAME)";
				TEST_HOST = "$(BUNDLE_LOADER)";
				WRAPPER_EXTENSION = xctest;
			};
			name = Release;
		};
/* End XCBuildConfiguration section */

/* Begin XCConfigurationList section */
		EF8834E218AB4BF400E37AC8 /* Build configuration list for PBXProject "Star Tap" */ = {
			isa = XCConfigurationList;
			buildConfigurations = (
				EF88351718AB4BF400E37AC8 /* Debug */,
				EF88351818AB4BF400E37AC8 /* Release */,
			);
			defaultConfigurationIsVisible = 0;
			defaultConfigurationName = Release;
		};
		EF88351918AB4BF400E37AC8 /* Build configuration list for PBXNativeTarget "Star Tap" */ = {
			isa = XCConfigurationList;
			buildConfigurations = (
				EF88351A18AB4BF400E37AC8 /* Debug */,
				EF88351B18AB4BF400E37AC8 /* Release */,
			);
			defaultConfigurationIsVisible = 0;
		};
		EF88351C18AB4BF400E37AC8 /* Build configuration list for PBXNativeTarget "Star TapTests" */ = {
			isa = XCConfigurationList;
			buildConfigurations = (
				EF88351D18AB4BF400E37AC8 /* Debug */,
				EF88351E18AB4BF400E37AC8 /* Release */,
			);
			defaultConfigurationIsVisible = 0;
		};
/* End XCConfigurationList section */
	};
	rootObject = EF8834DF18AB4BF400E37AC8 /* Project object */;
}
